
Microsoft Visual Studio Solution File, Format Version 12.00
# Visual Studio Version 16
VisualStudioVersion = 16.0.31702.278
MinimumVisualStudioVersion = 10.0.40219.1
Project("{FAE04EC0-301F-11D3-BF4B-00C04F79EFBC}") = "EX005", "EX005.csproj", "{90273835-4B5F-463E-8F23-64BEC3BF0944}"
EndProject
Global
	GlobalSection(SolutionConfigurationPlatforms) = preSolution
		Debug|Any CPU = Debug|Any CPU
		Release|Any CPU = Release|Any CPU
	EndGlobalSection
	GlobalSection(ProjectConfigurationPlatforms) = postSolution
		{90273835-4B5F-463E-8F23-64BEC3BF0944}.Debug|Any CPU.ActiveCfg = Debug|Any CPU
		{90273835-4B5F-463E-8F23-64BEC3BF0944}.Debug|Any CPU.Build.0 = Debug|Any CPU
		{90273835-4B5F-463E-8F23-64BEC3BF0944}.Release|Any CPU.ActiveCfg = Release|Any CPU
		{90273835-4B5F-463E-8F23-64BEC3BF0944}.Release|Any CPU.Build.0 = Release|Any CPU
	EndGlobalSection
	GlobalSection(SolutionProperties) = preSolution
		HideSolutionNode = FALSE
	EndGlobalSection
	GlobalSection(ExtensibilityGlobals) = postSolution
		SolutionGuid = {D922EE02-EE20-4BAC-B43C-13E1E16F4D7B}
	EndGlobalSection
EndGlobal
