
Microsoft Visual Studio Solution File, Format Version 12.00
# Visual Studio Version 17
VisualStudioVersion = 17.1.32228.430
MinimumVisualStudioVersion = 10.0.40219.1
Project("{FAE04EC0-301F-11D3-BF4B-00C04F79EFBC}") = "Banco", "Banco.csproj", "{7589462B-B71E-485D-8E10-D34D3F0B8E6F}"
EndProject
Global
	GlobalSection(SolutionConfigurationPlatforms) = preSolution
		Debug|Any CPU = Debug|Any CPU
		Release|Any CPU = Release|Any CPU
	EndGlobalSection
	GlobalSection(ProjectConfigurationPlatforms) = postSolution
		{7589462B-B71E-485D-8E10-D34D3F0B8E6F}.Debug|Any CPU.ActiveCfg = Debug|Any CPU
		{7589462B-B71E-485D-8E10-D34D3F0B8E6F}.Debug|Any CPU.Build.0 = Debug|Any CPU
		{7589462B-B71E-485D-8E10-D34D3F0B8E6F}.Release|Any CPU.ActiveCfg = Release|Any CPU
		{7589462B-B71E-485D-8E10-D34D3F0B8E6F}.Release|Any CPU.Build.0 = Release|Any CPU
	EndGlobalSection
	GlobalSection(SolutionProperties) = preSolution
		HideSolutionNode = FALSE
	EndGlobalSection
	GlobalSection(ExtensibilityGlobals) = postSolution
		SolutionGuid = {A39B6CA6-9EE5-4394-8230-77E6B7A8B80E}
	EndGlobalSection
EndGlobal
