
Microsoft Visual Studio Solution File, Format Version 12.00
# Visual Studio Version 16
VisualStudioVersion = 16.0.31702.278
MinimumVisualStudioVersion = 10.0.40219.1
Project("{FAE04EC0-301F-11D3-BF4B-00C04F79EFBC}") = "Snake", "Snake.csproj", "{57CF9CB3-1638-46BD-BAD2-94C69C3D2995}"
EndProject
Global
	GlobalSection(SolutionConfigurationPlatforms) = preSolution
		Debug|Any CPU = Debug|Any CPU
		Release|Any CPU = Release|Any CPU
	EndGlobalSection
	GlobalSection(ProjectConfigurationPlatforms) = postSolution
		{57CF9CB3-1638-46BD-BAD2-94C69C3D2995}.Debug|Any CPU.ActiveCfg = Debug|Any CPU
		{57CF9CB3-1638-46BD-BAD2-94C69C3D2995}.Debug|Any CPU.Build.0 = Debug|Any CPU
		{57CF9CB3-1638-46BD-BAD2-94C69C3D2995}.Release|Any CPU.ActiveCfg = Release|Any CPU
		{57CF9CB3-1638-46BD-BAD2-94C69C3D2995}.Release|Any CPU.Build.0 = Release|Any CPU
	EndGlobalSection
	GlobalSection(SolutionProperties) = preSolution
		HideSolutionNode = FALSE
	EndGlobalSection
	GlobalSection(ExtensibilityGlobals) = postSolution
		SolutionGuid = {7EBFCCBB-0E1A-4B26-A919-90B90C1C7097}
	EndGlobalSection
EndGlobal
