
Microsoft Visual Studio Solution File, Format Version 12.00
# Visual Studio Version 17
VisualStudioVersion = 17.1.32228.430
MinimumVisualStudioVersion = 10.0.40219.1
Project("{FAE04EC0-301F-11D3-BF4B-00C04F79EFBC}") = "EX002", "EX002.csproj", "{C37CB12B-DE6D-45B6-B0D5-4F7EFAAC5D90}"
EndProject
Global
	GlobalSection(SolutionConfigurationPlatforms) = preSolution
		Debug|Any CPU = Debug|Any CPU
		Release|Any CPU = Release|Any CPU
	EndGlobalSection
	GlobalSection(ProjectConfigurationPlatforms) = postSolution
		{C37CB12B-DE6D-45B6-B0D5-4F7EFAAC5D90}.Debug|Any CPU.ActiveCfg = Debug|Any CPU
		{C37CB12B-DE6D-45B6-B0D5-4F7EFAAC5D90}.Debug|Any CPU.Build.0 = Debug|Any CPU
		{C37CB12B-DE6D-45B6-B0D5-4F7EFAAC5D90}.Release|Any CPU.ActiveCfg = Release|Any CPU
		{C37CB12B-DE6D-45B6-B0D5-4F7EFAAC5D90}.Release|Any CPU.Build.0 = Release|Any CPU
	EndGlobalSection
	GlobalSection(SolutionProperties) = preSolution
		HideSolutionNode = FALSE
	EndGlobalSection
	GlobalSection(ExtensibilityGlobals) = postSolution
		SolutionGuid = {D88FAEF1-A393-457E-A8E2-80D0C471E6BF}
	EndGlobalSection
EndGlobal
