
Microsoft Visual Studio Solution File, Format Version 12.00
# Visual Studio Version 16
VisualStudioVersion = 16.0.31702.278
MinimumVisualStudioVersion = 10.0.40219.1
Project("{FAE04EC0-301F-11D3-BF4B-00C04F79EFBC}") = "Prova3", "Prova3.csproj", "{1F225448-0517-48C6-BC8C-EEC7BFB60DAF}"
EndProject
Global
	GlobalSection(SolutionConfigurationPlatforms) = preSolution
		Debug|Any CPU = Debug|Any CPU
		Release|Any CPU = Release|Any CPU
	EndGlobalSection
	GlobalSection(ProjectConfigurationPlatforms) = postSolution
		{1F225448-0517-48C6-BC8C-EEC7BFB60DAF}.Debug|Any CPU.ActiveCfg = Debug|Any CPU
		{1F225448-0517-48C6-BC8C-EEC7BFB60DAF}.Debug|Any CPU.Build.0 = Debug|Any CPU
		{1F225448-0517-48C6-BC8C-EEC7BFB60DAF}.Release|Any CPU.ActiveCfg = Release|Any CPU
		{1F225448-0517-48C6-BC8C-EEC7BFB60DAF}.Release|Any CPU.Build.0 = Release|Any CPU
	EndGlobalSection
	GlobalSection(SolutionProperties) = preSolution
		HideSolutionNode = FALSE
	EndGlobalSection
	GlobalSection(ExtensibilityGlobals) = postSolution
		SolutionGuid = {C4EC0AED-FE21-4CA2-87BC-0A5B158F6429}
	EndGlobalSection
EndGlobal
