
Microsoft Visual Studio Solution File, Format Version 12.00
# Visual Studio Version 16
VisualStudioVersion = 16.0.31702.278
MinimumVisualStudioVersion = 10.0.40219.1
Project("{FAE04EC0-301F-11D3-BF4B-00C04F79EFBC}") = "Aula 29 - 04_10_2021", "Aula 29 - 04_10_2021.csproj", "{ECA00296-7B69-4CAA-B58A-BA8F2D24D70A}"
EndProject
Global
	GlobalSection(SolutionConfigurationPlatforms) = preSolution
		Debug|Any CPU = Debug|Any CPU
		Release|Any CPU = Release|Any CPU
	EndGlobalSection
	GlobalSection(ProjectConfigurationPlatforms) = postSolution
		{ECA00296-7B69-4CAA-B58A-BA8F2D24D70A}.Debug|Any CPU.ActiveCfg = Debug|Any CPU
		{ECA00296-7B69-4CAA-B58A-BA8F2D24D70A}.Debug|Any CPU.Build.0 = Debug|Any CPU
		{ECA00296-7B69-4CAA-B58A-BA8F2D24D70A}.Release|Any CPU.ActiveCfg = Release|Any CPU
		{ECA00296-7B69-4CAA-B58A-BA8F2D24D70A}.Release|Any CPU.Build.0 = Release|Any CPU
	EndGlobalSection
	GlobalSection(SolutionProperties) = preSolution
		HideSolutionNode = FALSE
	EndGlobalSection
	GlobalSection(ExtensibilityGlobals) = postSolution
		SolutionGuid = {1CDD3186-E3B6-4406-A380-E7E5A0FE0189}
	EndGlobalSection
EndGlobal
