
Microsoft Visual Studio Solution File, Format Version 12.00
# Visual Studio Version 16
VisualStudioVersion = 16.0.31702.278
MinimumVisualStudioVersion = 10.0.40219.1
Project("{FAE04EC0-301F-11D3-BF4B-00C04F79EFBC}") = "WorldSkills", "WorldSkills\WorldSkills.csproj", "{88CACCF8-97C6-43A5-B623-DDE67D7C702E}"
EndProject
Global
	GlobalSection(SolutionConfigurationPlatforms) = preSolution
		Debug|Any CPU = Debug|Any CPU
		Release|Any CPU = Release|Any CPU
	EndGlobalSection
	GlobalSection(ProjectConfigurationPlatforms) = postSolution
		{88CACCF8-97C6-43A5-B623-DDE67D7C702E}.Debug|Any CPU.ActiveCfg = Debug|Any CPU
		{88CACCF8-97C6-43A5-B623-DDE67D7C702E}.Debug|Any CPU.Build.0 = Debug|Any CPU
		{88CACCF8-97C6-43A5-B623-DDE67D7C702E}.Release|Any CPU.ActiveCfg = Release|Any CPU
		{88CACCF8-97C6-43A5-B623-DDE67D7C702E}.Release|Any CPU.Build.0 = Release|Any CPU
	EndGlobalSection
	GlobalSection(SolutionProperties) = preSolution
		HideSolutionNode = FALSE
	EndGlobalSection
	GlobalSection(ExtensibilityGlobals) = postSolution
		SolutionGuid = {2CBA815E-B512-428D-B65C-5C2E79277D73}
	EndGlobalSection
EndGlobal
